
Microsoft Visual Studio Solution File, Format Version 12.00
# Visual Studio Version 16
VisualStudioVersion = 16.0.30413.136
MinimumVisualStudioVersion = 10.0.40219.1
Project("{2150E333-8FDC-42A3-9474-1A3956D46DE8}") = "src", "src", "{FC56ABDF-DDB1-44FD-8EEE-5396AC6DBC76}"
EndProject
Project("{2150E333-8FDC-42A3-9474-1A3956D46DE8}") = "tests", "tests", "{B1F5D9DC-D905-411D-ADB3-C98AB1D3CCFD}"
EndProject
Project("{9A19103F-16F7-4668-BE54-9A1E7A4F7556}") = "DateTimeGiraffe.API", "src\DateTimeGiraffe.API\DateTimeGiraffe.API.csproj", "{0E72E643-1513-4825-B46D-07B81E4326D9}"
EndProject
Project("{9A19103F-16F7-4668-BE54-9A1E7A4F7556}") = "DateTimeGiraffeTest.Test", "tests\DateTimeGiraffeTest.Test\DateTimeGiraffeTest.Test.csproj", "{E25D3152-7F10-4667-A2D5-FFF4F2697715}"
EndProject
Global
	GlobalSection(SolutionConfigurationPlatforms) = preSolution
		Debug|Any CPU = Debug|Any CPU
		Release|Any CPU = Release|Any CPU
	EndGlobalSection
	GlobalSection(ProjectConfigurationPlatforms) = postSolution
		{0E72E643-1513-4825-B46D-07B81E4326D9}.Debug|Any CPU.ActiveCfg = Debug|Any CPU
		{0E72E643-1513-4825-B46D-07B81E4326D9}.Debug|Any CPU.Build.0 = Debug|Any CPU
		{0E72E643-1513-4825-B46D-07B81E4326D9}.Release|Any CPU.ActiveCfg = Release|Any CPU
		{0E72E643-1513-4825-B46D-07B81E4326D9}.Release|Any CPU.Build.0 = Release|Any CPU
		{E25D3152-7F10-4667-A2D5-FFF4F2697715}.Debug|Any CPU.ActiveCfg = Debug|Any CPU
		{E25D3152-7F10-4667-A2D5-FFF4F2697715}.Debug|Any CPU.Build.0 = Debug|Any CPU
		{E25D3152-7F10-4667-A2D5-FFF4F2697715}.Release|Any CPU.ActiveCfg = Release|Any CPU
		{E25D3152-7F10-4667-A2D5-FFF4F2697715}.Release|Any CPU.Build.0 = Release|Any CPU
	EndGlobalSection
	GlobalSection(SolutionProperties) = preSolution
		HideSolutionNode = FALSE
	EndGlobalSection
	GlobalSection(NestedProjects) = preSolution
		{0E72E643-1513-4825-B46D-07B81E4326D9} = {FC56ABDF-DDB1-44FD-8EEE-5396AC6DBC76}
		{E25D3152-7F10-4667-A2D5-FFF4F2697715} = {B1F5D9DC-D905-411D-ADB3-C98AB1D3CCFD}
	EndGlobalSection
	GlobalSection(ExtensibilityGlobals) = postSolution
		SolutionGuid = {AB174514-3C36-4BAC-BDD9-9BB2FE55AF1D}
	EndGlobalSection
EndGlobal
