
Microsoft Visual Studio Solution File, Format Version 12.00
# Visual Studio Version 16
VisualStudioVersion = 16.0.30413.136
MinimumVisualStudioVersion = 10.0.40219.1
Project("{2150E333-8FDC-42A3-9474-1A3956D46DE8}") = "src", "src", "{FC56ABDF-DDB1-44FD-8EEE-5396AC6DBC76}"
EndProject
Project("{2150E333-8FDC-42A3-9474-1A3956D46DE8}") = "tests", "tests", "{B1F5D9DC-D905-411D-ADB3-C98AB1D3CCFD}"
EndProject
Project("{9A19103F-16F7-4668-BE54-9A1E7A4F7556}") = "DateTimeGiraffeTest.Test", "tests\GiraffeTest.Test\DateTimeGiraffeTest.Test.csproj", "{2EFA9C30-D0F5-4A30-B1A5-3E3F6AB286B7}"
EndProject
Project("{9A19103F-16F7-4668-BE54-9A1E7A4F7556}") = "DateTimeGiraffe.API", "src\Giraffe.API\DateTimeGiraffe.API.csproj", "{2DDF4B8B-1196-4D99-BECB-ABB4C72859BE}"
EndProject
Global
	GlobalSection(SolutionConfigurationPlatforms) = preSolution
		Debug|Any CPU = Debug|Any CPU
		Release|Any CPU = Release|Any CPU
	EndGlobalSection
	GlobalSection(ProjectConfigurationPlatforms) = postSolution
		{2EFA9C30-D0F5-4A30-B1A5-3E3F6AB286B7}.Debug|Any CPU.ActiveCfg = Debug|Any CPU
		{2EFA9C30-D0F5-4A30-B1A5-3E3F6AB286B7}.Debug|Any CPU.Build.0 = Debug|Any CPU
		{2EFA9C30-D0F5-4A30-B1A5-3E3F6AB286B7}.Release|Any CPU.ActiveCfg = Release|Any CPU
		{2EFA9C30-D0F5-4A30-B1A5-3E3F6AB286B7}.Release|Any CPU.Build.0 = Release|Any CPU
		{2DDF4B8B-1196-4D99-BECB-ABB4C72859BE}.Debug|Any CPU.ActiveCfg = Debug|Any CPU
		{2DDF4B8B-1196-4D99-BECB-ABB4C72859BE}.Debug|Any CPU.Build.0 = Debug|Any CPU
		{2DDF4B8B-1196-4D99-BECB-ABB4C72859BE}.Release|Any CPU.ActiveCfg = Release|Any CPU
		{2DDF4B8B-1196-4D99-BECB-ABB4C72859BE}.Release|Any CPU.Build.0 = Release|Any CPU
	EndGlobalSection
	GlobalSection(SolutionProperties) = preSolution
		HideSolutionNode = FALSE
	EndGlobalSection
	GlobalSection(NestedProjects) = preSolution
		{2EFA9C30-D0F5-4A30-B1A5-3E3F6AB286B7} = {B1F5D9DC-D905-411D-ADB3-C98AB1D3CCFD}
		{2DDF4B8B-1196-4D99-BECB-ABB4C72859BE} = {FC56ABDF-DDB1-44FD-8EEE-5396AC6DBC76}
	EndGlobalSection
	GlobalSection(ExtensibilityGlobals) = postSolution
		SolutionGuid = {AB174514-3C36-4BAC-BDD9-9BB2FE55AF1D}
	EndGlobalSection
EndGlobal
